
Microsoft Visual Studio Solution File, Format Version 12.00
# Visual Studio Version 17
VisualStudioVersion = 17.2.32505.173
MinimumVisualStudioVersion = 10.0.40219.1
Project("{FAE04EC0-301F-11D3-BF4B-00C04F79EFBC}") = "ExpenseSystem", "ExpenseSystem\ExpenseSystem.csproj", "{4A016BDA-356E-4A5C-ABBB-689069C5526C}"
EndProject
Global
	GlobalSection(SolutionConfigurationPlatforms) = preSolution
		Debug|Any CPU = Debug|Any CPU
		Release|Any CPU = Release|Any CPU
	EndGlobalSection
	GlobalSection(ProjectConfigurationPlatforms) = postSolution
		{4A016BDA-356E-4A5C-ABBB-689069C5526C}.Debug|Any CPU.ActiveCfg = Debug|Any CPU
		{4A016BDA-356E-4A5C-ABBB-689069C5526C}.Debug|Any CPU.Build.0 = Debug|Any CPU
		{4A016BDA-356E-4A5C-ABBB-689069C5526C}.Release|Any CPU.ActiveCfg = Release|Any CPU
		{4A016BDA-356E-4A5C-ABBB-689069C5526C}.Release|Any CPU.Build.0 = Release|Any CPU
	EndGlobalSection
	GlobalSection(SolutionProperties) = preSolution
		HideSolutionNode = FALSE
	EndGlobalSection
	GlobalSection(ExtensibilityGlobals) = postSolution
		SolutionGuid = {D3286A99-3F09-4661-B507-F760C04A3F72}
	EndGlobalSection
EndGlobal
